
Microsoft Visual Studio Solution File, Format Version 12.00
# Visual Studio 15
VisualStudioVersion = 15.0.28010.2050
MinimumVisualStudioVersion = 10.0.40219.1
Project("{9A19103F-16F7-4668-BE54-9A1E7A4F7556}") = "Func.TodoApi", "Func.TodoApi\Func.TodoApi.csproj", "{C4EC12CC-F03F-4568-9DB9-9B55B55E4B17}"
EndProject
Project("{2150E333-8FDC-42A3-9474-1A3956D46DE8}") = "EventHubs", "EventHubs", "{C96873C9-C971-4F24-8498-08826B7A6A80}"
EndProject
Project("{FAE04EC0-301F-11D3-BF4B-00C04F79EFBC}") = "AzureDryRun.EventHubs.Core", "EventHubs\AzureDryRun.EventHubs.Core.csproj", "{2DB8274A-1679-42D6-9D20-44119321AA21}"
EndProject
Project("{2150E333-8FDC-42A3-9474-1A3956D46DE8}") = "Functions", "Functions", "{36237B26-BBC5-48CD-AF5B-102E8A3999C7}"
EndProject
Project("{FAE04EC0-301F-11D3-BF4B-00C04F79EFBC}") = "AzureDryrun.EventHubs.Console", "AzureDryrun.EventHubs.ConsoleApp\AzureDryrun.EventHubs.Console.csproj", "{54238450-5B1D-4579-9946-1123C91A2A2D}"
EndProject
Global
	GlobalSection(SolutionConfigurationPlatforms) = preSolution
		Debug|Any CPU = Debug|Any CPU
		Release|Any CPU = Release|Any CPU
	EndGlobalSection
	GlobalSection(ProjectConfigurationPlatforms) = postSolution
		{C4EC12CC-F03F-4568-9DB9-9B55B55E4B17}.Debug|Any CPU.ActiveCfg = Debug|Any CPU
		{C4EC12CC-F03F-4568-9DB9-9B55B55E4B17}.Debug|Any CPU.Build.0 = Debug|Any CPU
		{C4EC12CC-F03F-4568-9DB9-9B55B55E4B17}.Release|Any CPU.ActiveCfg = Release|Any CPU
		{C4EC12CC-F03F-4568-9DB9-9B55B55E4B17}.Release|Any CPU.Build.0 = Release|Any CPU
		{2DB8274A-1679-42D6-9D20-44119321AA21}.Debug|Any CPU.ActiveCfg = Debug|Any CPU
		{2DB8274A-1679-42D6-9D20-44119321AA21}.Debug|Any CPU.Build.0 = Debug|Any CPU
		{2DB8274A-1679-42D6-9D20-44119321AA21}.Release|Any CPU.ActiveCfg = Release|Any CPU
		{2DB8274A-1679-42D6-9D20-44119321AA21}.Release|Any CPU.Build.0 = Release|Any CPU
		{54238450-5B1D-4579-9946-1123C91A2A2D}.Debug|Any CPU.ActiveCfg = Debug|Any CPU
		{54238450-5B1D-4579-9946-1123C91A2A2D}.Debug|Any CPU.Build.0 = Debug|Any CPU
		{54238450-5B1D-4579-9946-1123C91A2A2D}.Release|Any CPU.ActiveCfg = Release|Any CPU
		{54238450-5B1D-4579-9946-1123C91A2A2D}.Release|Any CPU.Build.0 = Release|Any CPU
	EndGlobalSection
	GlobalSection(SolutionProperties) = preSolution
		HideSolutionNode = FALSE
	EndGlobalSection
	GlobalSection(NestedProjects) = preSolution
		{C4EC12CC-F03F-4568-9DB9-9B55B55E4B17} = {36237B26-BBC5-48CD-AF5B-102E8A3999C7}
		{2DB8274A-1679-42D6-9D20-44119321AA21} = {C96873C9-C971-4F24-8498-08826B7A6A80}
		{54238450-5B1D-4579-9946-1123C91A2A2D} = {C96873C9-C971-4F24-8498-08826B7A6A80}
	EndGlobalSection
	GlobalSection(ExtensibilityGlobals) = postSolution
		SolutionGuid = {099779BA-6426-498F-942A-8FF4C4A964F0}
	EndGlobalSection
EndGlobal
